
Microsoft Visual Studio Solution File, Format Version 12.00
# Visual Studio Version 17
VisualStudioVersion = 17.8.34330.188
MinimumVisualStudioVersion = 10.0.40219.1
Project("{9A19103F-16F7-4668-BE54-9A1E7A4F7556}") = "Lab13_1", "Lab13_1.csproj", "{D40B949A-A048-4523-9A54-2CDE3997DCFD}"
EndProject
Project("{FAE04EC0-301F-11D3-BF4B-00C04F79EFBC}") = "Lab14_1", "..\Lab14_1\Lab14_1.csproj", "{F427A033-9829-4CB9-8E10-DB9B3B9C4156}"
EndProject
Global
	GlobalSection(SolutionConfigurationPlatforms) = preSolution
		Debug|Any CPU = Debug|Any CPU
		Release|Any CPU = Release|Any CPU
	EndGlobalSection
	GlobalSection(ProjectConfigurationPlatforms) = postSolution
		{D40B949A-A048-4523-9A54-2CDE3997DCFD}.Debug|Any CPU.ActiveCfg = Debug|Any CPU
		{D40B949A-A048-4523-9A54-2CDE3997DCFD}.Debug|Any CPU.Build.0 = Debug|Any CPU
		{D40B949A-A048-4523-9A54-2CDE3997DCFD}.Release|Any CPU.ActiveCfg = Release|Any CPU
		{D40B949A-A048-4523-9A54-2CDE3997DCFD}.Release|Any CPU.Build.0 = Release|Any CPU
		{F427A033-9829-4CB9-8E10-DB9B3B9C4156}.Debug|Any CPU.ActiveCfg = Debug|Any CPU
		{F427A033-9829-4CB9-8E10-DB9B3B9C4156}.Debug|Any CPU.Build.0 = Debug|Any CPU
		{F427A033-9829-4CB9-8E10-DB9B3B9C4156}.Release|Any CPU.ActiveCfg = Release|Any CPU
		{F427A033-9829-4CB9-8E10-DB9B3B9C4156}.Release|Any CPU.Build.0 = Release|Any CPU
	EndGlobalSection
	GlobalSection(SolutionProperties) = preSolution
		HideSolutionNode = FALSE
	EndGlobalSection
	GlobalSection(ExtensibilityGlobals) = postSolution
		SolutionGuid = {206C8CDB-9176-48DC-963A-DE11EA224908}
	EndGlobalSection
EndGlobal
