
Microsoft Visual Studio Solution File, Format Version 12.00
# Visual Studio Version 17
VisualStudioVersion = 17.8.34330.188
MinimumVisualStudioVersion = 10.0.40219.1
Project("{FAE04EC0-301F-11D3-BF4B-00C04F79EFBC}") = "Lab3", "Lab3.csproj", "{CCA4EF93-B1E7-4105-9FAD-4A0208CC55D2}"
EndProject
Global
	GlobalSection(SolutionConfigurationPlatforms) = preSolution
		Debug|Any CPU = Debug|Any CPU
		Release|Any CPU = Release|Any CPU
	EndGlobalSection
	GlobalSection(ProjectConfigurationPlatforms) = postSolution
		{CCA4EF93-B1E7-4105-9FAD-4A0208CC55D2}.Debug|Any CPU.ActiveCfg = Debug|Any CPU
		{CCA4EF93-B1E7-4105-9FAD-4A0208CC55D2}.Debug|Any CPU.Build.0 = Debug|Any CPU
		{CCA4EF93-B1E7-4105-9FAD-4A0208CC55D2}.Release|Any CPU.ActiveCfg = Release|Any CPU
		{CCA4EF93-B1E7-4105-9FAD-4A0208CC55D2}.Release|Any CPU.Build.0 = Release|Any CPU
	EndGlobalSection
	GlobalSection(SolutionProperties) = preSolution
		HideSolutionNode = FALSE
	EndGlobalSection
	GlobalSection(ExtensibilityGlobals) = postSolution
		SolutionGuid = {8B083CD9-F48D-4D6A-B435-FB9A5150CCA5}
	EndGlobalSection
EndGlobal
