
Microsoft Visual Studio Solution File, Format Version 12.00
# Visual Studio Version 17
VisualStudioVersion = 17.8.34330.188
MinimumVisualStudioVersion = 10.0.40219.1
Project("{FAE04EC0-301F-11D3-BF4B-00C04F79EFBC}") = "Lab3_3", "Lab3_3.csproj", "{608EBFC0-15F2-4E91-AD81-40BA683DA65D}"
EndProject
Global
	GlobalSection(SolutionConfigurationPlatforms) = preSolution
		Debug|Any CPU = Debug|Any CPU
		Release|Any CPU = Release|Any CPU
	EndGlobalSection
	GlobalSection(ProjectConfigurationPlatforms) = postSolution
		{608EBFC0-15F2-4E91-AD81-40BA683DA65D}.Debug|Any CPU.ActiveCfg = Debug|Any CPU
		{608EBFC0-15F2-4E91-AD81-40BA683DA65D}.Debug|Any CPU.Build.0 = Debug|Any CPU
		{608EBFC0-15F2-4E91-AD81-40BA683DA65D}.Release|Any CPU.ActiveCfg = Release|Any CPU
		{608EBFC0-15F2-4E91-AD81-40BA683DA65D}.Release|Any CPU.Build.0 = Release|Any CPU
	EndGlobalSection
	GlobalSection(SolutionProperties) = preSolution
		HideSolutionNode = FALSE
	EndGlobalSection
	GlobalSection(ExtensibilityGlobals) = postSolution
		SolutionGuid = {0C2A513C-EF9F-4E37-B6AA-A7489CE673D9}
	EndGlobalSection
EndGlobal
